
Microsoft Visual Studio Solution File, Format Version 12.00
# Visual Studio Version 17
VisualStudioVersion = 17.2.32526.322
MinimumVisualStudioVersion = 10.0.40219.1
Project("{FAE04EC0-301F-11D3-BF4B-00C04F79EFBC}") = "SimpleExplorerManager", "SimpleExplorerManager\SimpleExplorerManager.csproj", "{D882C1D9-3C37-4C44-B4C2-650447F12984}"
EndProject
Global
	GlobalSection(SolutionConfigurationPlatforms) = preSolution
		Debug|Any CPU = Debug|Any CPU
		Release|Any CPU = Release|Any CPU
	EndGlobalSection
	GlobalSection(ProjectConfigurationPlatforms) = postSolution
		{D882C1D9-3C37-4C44-B4C2-650447F12984}.Debug|Any CPU.ActiveCfg = Debug|Any CPU
		{D882C1D9-3C37-4C44-B4C2-650447F12984}.Debug|Any CPU.Build.0 = Debug|Any CPU
		{D882C1D9-3C37-4C44-B4C2-650447F12984}.Release|Any CPU.ActiveCfg = Release|Any CPU
		{D882C1D9-3C37-4C44-B4C2-650447F12984}.Release|Any CPU.Build.0 = Release|Any CPU
	EndGlobalSection
	GlobalSection(SolutionProperties) = preSolution
		HideSolutionNode = FALSE
	EndGlobalSection
	GlobalSection(ExtensibilityGlobals) = postSolution
		SolutionGuid = {5C3D3D6F-E74C-418F-AA95-B88FD306E2B3}
	EndGlobalSection
EndGlobal
